{
  "name": "ajsclone",
  "version": "1.0.0",
  "lockfileVersion": 1,
  "requires": true,
  "dependencies": {
    "@zarajskysam/ajs": {
      "version": "1.0.0",
      "resolved": "https://npm.pkg.github.com/download/@zarajskysam/ajs/1.0.0/3ec3a39f87c02d7c7fd4cdace4f450994fc9803dd06443612097d204f4483218",
      "integrity": "sha512-IJVjBv4ivMwssmuAqZ9N0DR9TFgBxDiGNB8dVVDirbUlsolfItcjdgdQDEIPUsfhmHqoJJeRahrA8IxO8wHB1A=="
    }
  }
}
